{
  "name": "screeps-logic",
  "version": "1.0.0",
  "lockfileVersion": 1,
  "requires": true,
  "dependencies": {
    "@types/lodash": {
      "version": "4.14.106",
      "resolved": "https://registry.npmjs.org/@types/lodash/-/lodash-4.14.106.tgz",
      "integrity": "sha512-tOSvCVrvSqFZ4A/qrqqm6p37GZoawsZtoR0SJhlF7EonNZUgrn8FfT+RNQ11h+NUpMt6QVe36033f3qEKBwfWA=="
    },
    "screeps-typescript-declarations": {
      "version": "4.2.1",
      "resolved": "https://registry.npmjs.org/screeps-typescript-declarations/-/screeps-typescript-declarations-4.2.1.tgz",
      "integrity": "sha1-CbWt5tj8ZtC8diTf6va4IUM9CBg="
    }
  }
}
