{
  "requires": true,
  "lockfileVersion": 1,
  "dependencies": {
    "@types/lodash": {
      "version": "https://registry.npmjs.org/@types/lodash/-/lodash-4.14.101.tgz",
      "integrity": "sha1-US9snhdJiQ9NAk6Yy5laY/Vi1Fg="
    },
    "lodash": {
      "version": "https://registry.npmjs.org/lodash/-/lodash-4.17.5.tgz",
      "integrity": "sha1-maktZcAnLevoyWtgV7yPv6O+1RE="
    },
    "screeps-typescript-declarations": {
      "version": "https://registry.npmjs.org/screeps-typescript-declarations/-/screeps-typescript-declarations-4.2.1.tgz",
      "integrity": "sha1-CbWt5tj8ZtC8diTf6va4IUM9CBg="
    }
  }
}
